
Microsoft Visual Studio Solution File, Format Version 12.00
# Visual Studio Version 17
VisualStudioVersion = 17.14.36811.4
MinimumVisualStudioVersion = 10.0.40219.1
Project("{FAE04EC0-301F-11D3-BF4B-00C04F79EFBC}") = "ContaCorrente.Api", "ContaCorrente.Api\ContaCorrente.Api.csproj", "{CF8970CE-85E1-4FB6-8D5B-665B66F13AA4}"
EndProject
Project("{FAE04EC0-301F-11D3-BF4B-00C04F79EFBC}") = "ContaCorrente.Tests", "ContaCorrente.Tests\ContaCorrente.Tests.csproj", "{95BA0271-1C0D-4140-9098-150507292717}"
EndProject
Global
	GlobalSection(SolutionConfigurationPlatforms) = preSolution
		Debug|Any CPU = Debug|Any CPU
		Debug|x64 = Debug|x64
		Debug|x86 = Debug|x86
		Release|Any CPU = Release|Any CPU
		Release|x64 = Release|x64
		Release|x86 = Release|x86
	EndGlobalSection
	GlobalSection(ProjectConfigurationPlatforms) = postSolution
		{CF8970CE-85E1-4FB6-8D5B-665B66F13AA4}.Debug|Any CPU.ActiveCfg = Debug|Any CPU
		{CF8970CE-85E1-4FB6-8D5B-665B66F13AA4}.Debug|Any CPU.Build.0 = Debug|Any CPU
		{CF8970CE-85E1-4FB6-8D5B-665B66F13AA4}.Debug|x64.ActiveCfg = Debug|Any CPU
		{CF8970CE-85E1-4FB6-8D5B-665B66F13AA4}.Debug|x64.Build.0 = Debug|Any CPU
		{CF8970CE-85E1-4FB6-8D5B-665B66F13AA4}.Debug|x86.ActiveCfg = Debug|Any CPU
		{CF8970CE-85E1-4FB6-8D5B-665B66F13AA4}.Debug|x86.Build.0 = Debug|Any CPU
		{CF8970CE-85E1-4FB6-8D5B-665B66F13AA4}.Release|Any CPU.ActiveCfg = Release|Any CPU
		{CF8970CE-85E1-4FB6-8D5B-665B66F13AA4}.Release|Any CPU.Build.0 = Release|Any CPU
		{CF8970CE-85E1-4FB6-8D5B-665B66F13AA4}.Release|x64.ActiveCfg = Release|Any CPU
		{CF8970CE-85E1-4FB6-8D5B-665B66F13AA4}.Release|x64.Build.0 = Release|Any CPU
		{CF8970CE-85E1-4FB6-8D5B-665B66F13AA4}.Release|x86.ActiveCfg = Release|Any CPU
		{CF8970CE-85E1-4FB6-8D5B-665B66F13AA4}.Release|x86.Build.0 = Release|Any CPU
		{95BA0271-1C0D-4140-9098-150507292717}.Debug|Any CPU.ActiveCfg = Debug|Any CPU
		{95BA0271-1C0D-4140-9098-150507292717}.Debug|Any CPU.Build.0 = Debug|Any CPU
		{95BA0271-1C0D-4140-9098-150507292717}.Debug|x64.ActiveCfg = Debug|Any CPU
		{95BA0271-1C0D-4140-9098-150507292717}.Debug|x64.Build.0 = Debug|Any CPU
		{95BA0271-1C0D-4140-9098-150507292717}.Debug|x86.ActiveCfg = Debug|Any CPU
		{95BA0271-1C0D-4140-9098-150507292717}.Debug|x86.Build.0 = Debug|Any CPU
		{95BA0271-1C0D-4140-9098-150507292717}.Release|Any CPU.ActiveCfg = Release|Any CPU
		{95BA0271-1C0D-4140-9098-150507292717}.Release|Any CPU.Build.0 = Release|Any CPU
		{95BA0271-1C0D-4140-9098-150507292717}.Release|x64.ActiveCfg = Release|Any CPU
		{95BA0271-1C0D-4140-9098-150507292717}.Release|x64.Build.0 = Release|Any CPU
		{95BA0271-1C0D-4140-9098-150507292717}.Release|x86.ActiveCfg = Release|Any CPU
		{95BA0271-1C0D-4140-9098-150507292717}.Release|x86.Build.0 = Release|Any CPU
	EndGlobalSection
	GlobalSection(SolutionProperties) = preSolution
		HideSolutionNode = FALSE
	EndGlobalSection
	GlobalSection(ExtensibilityGlobals) = postSolution
		SolutionGuid = {5BED829B-0241-4552-9787-74359B90F648}
	EndGlobalSection
EndGlobal
